
Microsoft Visual Studio Solution File, Format Version 12.00
# Visual Studio Version 16
VisualStudioVersion = 16.0.33214.272
MinimumVisualStudioVersion = 10.0.40219.1
Project("{8BC9CEB8-8B4A-11D0-8D11-00A0C91BC942}") = "08_02_File_Writing", "08_02_File_Writing\08_02_File_Writing.vcxproj", "{149D6F24-FF17-40CB-A44E-2F83F0A42C3F}"
EndProject
Global
	GlobalSection(SolutionConfigurationPlatforms) = preSolution
		Debug|x64 = Debug|x64
		Debug|x86 = Debug|x86
		Release|x64 = Release|x64
		Release|x86 = Release|x86
	EndGlobalSection
	GlobalSection(ProjectConfigurationPlatforms) = postSolution
		{149D6F24-FF17-40CB-A44E-2F83F0A42C3F}.Debug|x64.ActiveCfg = Debug|x64
		{149D6F24-FF17-40CB-A44E-2F83F0A42C3F}.Debug|x64.Build.0 = Debug|x64
		{149D6F24-FF17-40CB-A44E-2F83F0A42C3F}.Debug|x86.ActiveCfg = Debug|Win32
		{149D6F24-FF17-40CB-A44E-2F83F0A42C3F}.Debug|x86.Build.0 = Debug|Win32
		{149D6F24-FF17-40CB-A44E-2F83F0A42C3F}.Release|x64.ActiveCfg = Release|x64
		{149D6F24-FF17-40CB-A44E-2F83F0A42C3F}.Release|x64.Build.0 = Release|x64
		{149D6F24-FF17-40CB-A44E-2F83F0A42C3F}.Release|x86.ActiveCfg = Release|Win32
		{149D6F24-FF17-40CB-A44E-2F83F0A42C3F}.Release|x86.Build.0 = Release|Win32
	EndGlobalSection
	GlobalSection(SolutionProperties) = preSolution
		HideSolutionNode = FALSE
	EndGlobalSection
	GlobalSection(ExtensibilityGlobals) = postSolution
		SolutionGuid = {144A0B48-19F9-48FF-BB0F-FBE5E8F75894}
	EndGlobalSection
EndGlobal
